
Microsoft Visual Studio Solution File, Format Version 12.00
# Visual Studio Version 17
VisualStudioVersion = 17.9.34607.119
MinimumVisualStudioVersion = 10.0.40219.1
Project("{FAE04EC0-301F-11D3-BF4B-00C04F79EFBC}") = "CRUDinCoreMVC", "CRUDinCoreMVC\CRUDinCoreMVC.csproj", "{412AFA0D-AA71-438A-AC32-FBA9B89CE3DB}"
EndProject
Global
	GlobalSection(SolutionConfigurationPlatforms) = preSolution
		Debug|Any CPU = Debug|Any CPU
		Release|Any CPU = Release|Any CPU
	EndGlobalSection
	GlobalSection(ProjectConfigurationPlatforms) = postSolution
		{412AFA0D-AA71-438A-AC32-FBA9B89CE3DB}.Debug|Any CPU.ActiveCfg = Debug|Any CPU
		{412AFA0D-AA71-438A-AC32-FBA9B89CE3DB}.Debug|Any CPU.Build.0 = Debug|Any CPU
		{412AFA0D-AA71-438A-AC32-FBA9B89CE3DB}.Release|Any CPU.ActiveCfg = Release|Any CPU
		{412AFA0D-AA71-438A-AC32-FBA9B89CE3DB}.Release|Any CPU.Build.0 = Release|Any CPU
	EndGlobalSection
	GlobalSection(SolutionProperties) = preSolution
		HideSolutionNode = FALSE
	EndGlobalSection
	GlobalSection(ExtensibilityGlobals) = postSolution
		SolutionGuid = {DB82FE97-6910-418A-9608-2BB916D26E1B}
	EndGlobalSection
EndGlobal
