
Microsoft Visual Studio Solution File, Format Version 12.00
# Visual Studio Version 17
VisualStudioVersion = 17.9.34607.119
MinimumVisualStudioVersion = 10.0.40219.1
Project("{FAE04EC0-301F-11D3-BF4B-00C04F79EFBC}") = "UploadandDownloadFiles", "UploadandDownloadFiles\UploadandDownloadFiles.csproj", "{8D7E3CF5-95C0-470B-A99C-FB024A042F5B}"
EndProject
Global
	GlobalSection(SolutionConfigurationPlatforms) = preSolution
		Debug|Any CPU = Debug|Any CPU
		Release|Any CPU = Release|Any CPU
	EndGlobalSection
	GlobalSection(ProjectConfigurationPlatforms) = postSolution
		{8D7E3CF5-95C0-470B-A99C-FB024A042F5B}.Debug|Any CPU.ActiveCfg = Debug|Any CPU
		{8D7E3CF5-95C0-470B-A99C-FB024A042F5B}.Debug|Any CPU.Build.0 = Debug|Any CPU
		{8D7E3CF5-95C0-470B-A99C-FB024A042F5B}.Release|Any CPU.ActiveCfg = Release|Any CPU
		{8D7E3CF5-95C0-470B-A99C-FB024A042F5B}.Release|Any CPU.Build.0 = Release|Any CPU
	EndGlobalSection
	GlobalSection(SolutionProperties) = preSolution
		HideSolutionNode = FALSE
	EndGlobalSection
	GlobalSection(ExtensibilityGlobals) = postSolution
		SolutionGuid = {CD9B51DC-34D6-4229-BC1F-9D22F684591D}
	EndGlobalSection
EndGlobal
